
Microsoft Visual Studio Solution File, Format Version 12.00
# Visual Studio Version 17
VisualStudioVersion = 17.5.33530.505
MinimumVisualStudioVersion = 10.0.40219.1
Project("{FAE04EC0-301F-11D3-BF4B-00C04F79EFBC}") = "DevCalendar", "DevCalendar\DevCalendar.csproj", "{CAB83C30-51AA-4F1C-BF9E-CE5B9756C743}"
EndProject
Global
	GlobalSection(SolutionConfigurationPlatforms) = preSolution
		Debug|Any CPU = Debug|Any CPU
		Release|Any CPU = Release|Any CPU
	EndGlobalSection
	GlobalSection(ProjectConfigurationPlatforms) = postSolution
		{CAB83C30-51AA-4F1C-BF9E-CE5B9756C743}.Debug|Any CPU.ActiveCfg = Debug|Any CPU
		{CAB83C30-51AA-4F1C-BF9E-CE5B9756C743}.Debug|Any CPU.Build.0 = Debug|Any CPU
		{CAB83C30-51AA-4F1C-BF9E-CE5B9756C743}.Release|Any CPU.ActiveCfg = Release|Any CPU
		{CAB83C30-51AA-4F1C-BF9E-CE5B9756C743}.Release|Any CPU.Build.0 = Release|Any CPU
	EndGlobalSection
	GlobalSection(SolutionProperties) = preSolution
		HideSolutionNode = FALSE
	EndGlobalSection
	GlobalSection(ExtensibilityGlobals) = postSolution
		SolutionGuid = {72CD3934-5AF2-48B6-8195-4E334F74132B}
	EndGlobalSection
EndGlobal
